
Microsoft Visual Studio Solution File, Format Version 12.00
# Visual Studio 15
VisualStudioVersion = 15.0.27130.2020
MinimumVisualStudioVersion = 10.0.40219.1
Project("{FAE04EC0-301F-11D3-BF4B-00C04F79EFBC}") = "NetCore-Shop", "NetCore-Shop\NetCore-Shop.csproj", "{08CD1D6F-A0CF-4B72-936D-C9A31B45F795}"
EndProject
Global
	GlobalSection(SolutionConfigurationPlatforms) = preSolution
		Debug|Any CPU = Debug|Any CPU
		Release|Any CPU = Release|Any CPU
	EndGlobalSection
	GlobalSection(ProjectConfigurationPlatforms) = postSolution
		{08CD1D6F-A0CF-4B72-936D-C9A31B45F795}.Debug|Any CPU.ActiveCfg = Debug|Any CPU
		{08CD1D6F-A0CF-4B72-936D-C9A31B45F795}.Debug|Any CPU.Build.0 = Debug|Any CPU
		{08CD1D6F-A0CF-4B72-936D-C9A31B45F795}.Release|Any CPU.ActiveCfg = Release|Any CPU
		{08CD1D6F-A0CF-4B72-936D-C9A31B45F795}.Release|Any CPU.Build.0 = Release|Any CPU
	EndGlobalSection
	GlobalSection(SolutionProperties) = preSolution
		HideSolutionNode = FALSE
	EndGlobalSection
	GlobalSection(ExtensibilityGlobals) = postSolution
		SolutionGuid = {10AB4AF1-276D-423B-A7EB-6BDE0ECD44C8}
	EndGlobalSection
EndGlobal
