
Microsoft Visual Studio Solution File, Format Version 12.00
# Visual Studio 15
VisualStudioVersion = 15.0.27130.2020
MinimumVisualStudioVersion = 10.0.40219.1
Project("{9A19103F-16F7-4668-BE54-9A1E7A4F7556}") = "NetCore_Shop", "NetCore-Shop\NetCore_Shop.csproj", "{08CD1D6F-A0CF-4B72-936D-C9A31B45F795}"
EndProject
Project("{9A19103F-16F7-4668-BE54-9A1E7A4F7556}") = "ShopOnline.Infrastructure", "ShopOnline.Infrastructure\ShopOnline.Infrastructure.csproj", "{AFF0E1B7-E696-4542-9DCF-30521B44D712}"
EndProject
Project("{9A19103F-16F7-4668-BE54-9A1E7A4F7556}") = "ShopOnline.Utilities", "ShopOnline.Utilities\ShopOnline.Utilities.csproj", "{95A8E2F4-80F3-419A-BA6F-F9D19B68CA04}"
EndProject
Project("{9A19103F-16F7-4668-BE54-9A1E7A4F7556}") = "ShopOnline.Data", "ShopOnline.Data\ShopOnline.Data.csproj", "{2468EA59-EF97-4CF1-BDF6-D3A3ED522E0F}"
EndProject
Project("{9A19103F-16F7-4668-BE54-9A1E7A4F7556}") = "ShopOnline.Data.EF", "ShopOnline.Data.EF\ShopOnline.Data.EF.csproj", "{85BBDA06-68DD-4798-A66B-20E77A365FFD}"
EndProject
Project("{9A19103F-16F7-4668-BE54-9A1E7A4F7556}") = "ShopOnline.Service", "ShopOnline.Service\ShopOnline.Service.csproj", "{01146F0F-A88D-40FB-84DA-F6FAD776365B}"
EndProject
Project("{2150E333-8FDC-42A3-9474-1A3956D46DE8}") = "1 - Presentation", "1 - Presentation", "{269CAD3C-D868-4A93-BCB5-E70B9D246735}"
EndProject
Project("{2150E333-8FDC-42A3-9474-1A3956D46DE8}") = "2 - Application", "2 - Application", "{F9AB82DD-5FD4-4E02-952B-397955B2799F}"
EndProject
Project("{2150E333-8FDC-42A3-9474-1A3956D46DE8}") = "3 - Domain", "3 - Domain", "{911DF7FC-A61B-41D9-95D7-D4F3FB07E4BE}"
EndProject
Project("{2150E333-8FDC-42A3-9474-1A3956D46DE8}") = "4 - Infrastructure", "4 - Infrastructure", "{CD94CF48-42B0-4B66-AC5F-260FEB20FE26}"
EndProject
Global
	GlobalSection(SolutionConfigurationPlatforms) = preSolution
		Debug|Any CPU = Debug|Any CPU
		Release|Any CPU = Release|Any CPU
	EndGlobalSection
	GlobalSection(ProjectConfigurationPlatforms) = postSolution
		{08CD1D6F-A0CF-4B72-936D-C9A31B45F795}.Debug|Any CPU.ActiveCfg = Debug|Any CPU
		{08CD1D6F-A0CF-4B72-936D-C9A31B45F795}.Debug|Any CPU.Build.0 = Debug|Any CPU
		{08CD1D6F-A0CF-4B72-936D-C9A31B45F795}.Release|Any CPU.ActiveCfg = Release|Any CPU
		{08CD1D6F-A0CF-4B72-936D-C9A31B45F795}.Release|Any CPU.Build.0 = Release|Any CPU
		{AFF0E1B7-E696-4542-9DCF-30521B44D712}.Debug|Any CPU.ActiveCfg = Debug|Any CPU
		{AFF0E1B7-E696-4542-9DCF-30521B44D712}.Debug|Any CPU.Build.0 = Debug|Any CPU
		{AFF0E1B7-E696-4542-9DCF-30521B44D712}.Release|Any CPU.ActiveCfg = Release|Any CPU
		{AFF0E1B7-E696-4542-9DCF-30521B44D712}.Release|Any CPU.Build.0 = Release|Any CPU
		{95A8E2F4-80F3-419A-BA6F-F9D19B68CA04}.Debug|Any CPU.ActiveCfg = Debug|Any CPU
		{95A8E2F4-80F3-419A-BA6F-F9D19B68CA04}.Debug|Any CPU.Build.0 = Debug|Any CPU
		{95A8E2F4-80F3-419A-BA6F-F9D19B68CA04}.Release|Any CPU.ActiveCfg = Release|Any CPU
		{95A8E2F4-80F3-419A-BA6F-F9D19B68CA04}.Release|Any CPU.Build.0 = Release|Any CPU
		{2468EA59-EF97-4CF1-BDF6-D3A3ED522E0F}.Debug|Any CPU.ActiveCfg = Debug|Any CPU
		{2468EA59-EF97-4CF1-BDF6-D3A3ED522E0F}.Debug|Any CPU.Build.0 = Debug|Any CPU
		{2468EA59-EF97-4CF1-BDF6-D3A3ED522E0F}.Release|Any CPU.ActiveCfg = Release|Any CPU
		{2468EA59-EF97-4CF1-BDF6-D3A3ED522E0F}.Release|Any CPU.Build.0 = Release|Any CPU
		{85BBDA06-68DD-4798-A66B-20E77A365FFD}.Debug|Any CPU.ActiveCfg = Debug|Any CPU
		{85BBDA06-68DD-4798-A66B-20E77A365FFD}.Debug|Any CPU.Build.0 = Debug|Any CPU
		{85BBDA06-68DD-4798-A66B-20E77A365FFD}.Release|Any CPU.ActiveCfg = Release|Any CPU
		{85BBDA06-68DD-4798-A66B-20E77A365FFD}.Release|Any CPU.Build.0 = Release|Any CPU
		{01146F0F-A88D-40FB-84DA-F6FAD776365B}.Debug|Any CPU.ActiveCfg = Debug|Any CPU
		{01146F0F-A88D-40FB-84DA-F6FAD776365B}.Debug|Any CPU.Build.0 = Debug|Any CPU
		{01146F0F-A88D-40FB-84DA-F6FAD776365B}.Release|Any CPU.ActiveCfg = Release|Any CPU
		{01146F0F-A88D-40FB-84DA-F6FAD776365B}.Release|Any CPU.Build.0 = Release|Any CPU
	EndGlobalSection
	GlobalSection(SolutionProperties) = preSolution
		HideSolutionNode = FALSE
	EndGlobalSection
	GlobalSection(NestedProjects) = preSolution
		{08CD1D6F-A0CF-4B72-936D-C9A31B45F795} = {269CAD3C-D868-4A93-BCB5-E70B9D246735}
		{AFF0E1B7-E696-4542-9DCF-30521B44D712} = {CD94CF48-42B0-4B66-AC5F-260FEB20FE26}
		{95A8E2F4-80F3-419A-BA6F-F9D19B68CA04} = {CD94CF48-42B0-4B66-AC5F-260FEB20FE26}
		{2468EA59-EF97-4CF1-BDF6-D3A3ED522E0F} = {911DF7FC-A61B-41D9-95D7-D4F3FB07E4BE}
		{85BBDA06-68DD-4798-A66B-20E77A365FFD} = {911DF7FC-A61B-41D9-95D7-D4F3FB07E4BE}
		{01146F0F-A88D-40FB-84DA-F6FAD776365B} = {F9AB82DD-5FD4-4E02-952B-397955B2799F}
	EndGlobalSection
	GlobalSection(ExtensibilityGlobals) = postSolution
		SolutionGuid = {10AB4AF1-276D-423B-A7EB-6BDE0ECD44C8}
	EndGlobalSection
EndGlobal
